
Microsoft Visual Studio Solution File, Format Version 12.00
# Visual Studio Version 17
VisualStudioVersion = 17.8.34330.188
MinimumVisualStudioVersion = 10.0.40219.1
Project("{FAE04EC0-301F-11D3-BF4B-00C04F79EFBC}") = "bifeldy-sd3-lib-60", "bifeldy-sd3-lib-60\bifeldy-sd3-lib-60.csproj", "{58B4C82F-784B-435F-8A99-506F211D064F}"
EndProject
Global
	GlobalSection(SolutionConfigurationPlatforms) = preSolution
		Debug|Any CPU = Debug|Any CPU
		Release|Any CPU = Release|Any CPU
	EndGlobalSection
	GlobalSection(ProjectConfigurationPlatforms) = postSolution
		{58B4C82F-784B-435F-8A99-506F211D064F}.Debug|Any CPU.ActiveCfg = Debug|Any CPU
		{58B4C82F-784B-435F-8A99-506F211D064F}.Debug|Any CPU.Build.0 = Debug|Any CPU
		{58B4C82F-784B-435F-8A99-506F211D064F}.Release|Any CPU.ActiveCfg = Release|Any CPU
		{58B4C82F-784B-435F-8A99-506F211D064F}.Release|Any CPU.Build.0 = Release|Any CPU
	EndGlobalSection
	GlobalSection(SolutionProperties) = preSolution
		HideSolutionNode = FALSE
	EndGlobalSection
	GlobalSection(ExtensibilityGlobals) = postSolution
		SolutionGuid = {7E438D99-98E5-4623-B6F6-5FB85A453879}
	EndGlobalSection
EndGlobal
